
Microsoft Visual Studio Solution File, Format Version 12.00
# Visual Studio 14
VisualStudioVersion = 14.0.23107.0
MinimumVisualStudioVersion = 10.0.40219.1
Project("{2150E333-8FDC-42A3-9474-1A3956D46DE8}") = "src", "src", "{4C4EF1C0-34E8-4C78-9AC6-D125C8138173}"
EndProject
Project("{2150E333-8FDC-42A3-9474-1A3956D46DE8}") = "Solution Items", "Solution Items", "{92DAE564-2CDD-497C-B2CF-53C99A97C430}"
	ProjectSection(SolutionItems) = preProject
		global.json = global.json
	EndProjectSection
EndProject
Project("{8BB2217D-0F2D-49D1-97BC-3654ED321F3B}") = "Cheese2", "src\Cheese2\Cheese2.xproj", "{326C7455-96DC-4752-91AC-6EFB0F9A6266}"
EndProject
Global
	GlobalSection(SolutionConfigurationPlatforms) = preSolution
		Debug|Any CPU = Debug|Any CPU
		Release|Any CPU = Release|Any CPU
	EndGlobalSection
	GlobalSection(ProjectConfigurationPlatforms) = postSolution
		{326C7455-96DC-4752-91AC-6EFB0F9A6266}.Debug|Any CPU.ActiveCfg = Debug|Any CPU
		{326C7455-96DC-4752-91AC-6EFB0F9A6266}.Debug|Any CPU.Build.0 = Debug|Any CPU
		{326C7455-96DC-4752-91AC-6EFB0F9A6266}.Release|Any CPU.ActiveCfg = Release|Any CPU
		{326C7455-96DC-4752-91AC-6EFB0F9A6266}.Release|Any CPU.Build.0 = Release|Any CPU
	EndGlobalSection
	GlobalSection(SolutionProperties) = preSolution
		HideSolutionNode = FALSE
	EndGlobalSection
	GlobalSection(NestedProjects) = preSolution
		{326C7455-96DC-4752-91AC-6EFB0F9A6266} = {4C4EF1C0-34E8-4C78-9AC6-D125C8138173}
	EndGlobalSection
EndGlobal
